
Microsoft Visual Studio Solution File, Format Version 12.00
# Visual Studio 15
VisualStudioVersion = 15.0.28307.438
MinimumVisualStudioVersion = 10.0.40219.1
Project("{FAE04EC0-301F-11D3-BF4B-00C04F79EFBC}") = "Vidly", "Vidly\Vidly.csproj", "{A3D6FDB9-8232-4E04-86BD-38030E0EDFF4}"
EndProject
Global
	GlobalSection(SolutionConfigurationPlatforms) = preSolution
		Debug|Any CPU = Debug|Any CPU
		Release|Any CPU = Release|Any CPU
	EndGlobalSection
	GlobalSection(ProjectConfigurationPlatforms) = postSolution
		{A3D6FDB9-8232-4E04-86BD-38030E0EDFF4}.Debug|Any CPU.ActiveCfg = Debug|Any CPU
		{A3D6FDB9-8232-4E04-86BD-38030E0EDFF4}.Debug|Any CPU.Build.0 = Debug|Any CPU
		{A3D6FDB9-8232-4E04-86BD-38030E0EDFF4}.Release|Any CPU.ActiveCfg = Release|Any CPU
		{A3D6FDB9-8232-4E04-86BD-38030E0EDFF4}.Release|Any CPU.Build.0 = Release|Any CPU
	EndGlobalSection
	GlobalSection(SolutionProperties) = preSolution
		HideSolutionNode = FALSE
	EndGlobalSection
	GlobalSection(ExtensibilityGlobals) = postSolution
		SolutionGuid = {22718A7D-A9A0-4986-BF90-93A878AF9535}
	EndGlobalSection
EndGlobal
